
Microsoft Visual Studio Solution File, Format Version 12.00
# Visual Studio Version 16
VisualStudioVersion = 25.0.1706.0
MinimumVisualStudioVersion = 10.0.40219.1
Project("{FAE04EC0-301F-11D3-BF4B-00C04F79EFBC}") = "Tekton.Api", "Teckton.Api\Tekton.Api.csproj", "{782A7FF4-F65D-4EC6-BB91-9000A312DA91}"
EndProject
Project("{FAE04EC0-301F-11D3-BF4B-00C04F79EFBC}") = "Tekton.infraestructure", "Teckton.Infraestructure\Tekton.Infraestructure.csproj", "{5016C71E-7709-4BF3-9AA1-75B35E2421F7}"
EndProject
Project("{FAE04EC0-301F-11D3-BF4B-00C04F79EFBC}") = "Tekton.Domain", "Teckton.Domain\Tekton.Domain.csproj", "{8B4FE243-FFCA-482F-BAC5-92B709CE90BE}"
EndProject
Project("{FAE04EC0-301F-11D3-BF4B-00C04F79EFBC}") = "Tekton.Application", "Teckton.Application\Tekton.Application.csproj", "{6D7BC638-D043-4726-BC22-64A706E6A162}"
EndProject
Project("{FAE04EC0-301F-11D3-BF4B-00C04F79EFBC}") = "Tekton.Application.UnitTest", "Tekton.Test\Tekton.Application.UnitTest.csproj", "{B93ED438-71DB-4F4A-8B3A-CF3566C11038}"
EndProject
Project("{2150E333-8FDC-42A3-9474-1A3956D46DE8}") = "Test", "Test", "{A28CAE0E-15B4-4215-B4FD-140CF69F7458}"
EndProject
Project("{2150E333-8FDC-42A3-9474-1A3956D46DE8}") = "doc", "doc", "{F3D6D41F-637F-468A-AEC8-DE035C8FAABA}"
	ProjectSection(SolutionItems) = preProject
		README.md = README.md
	EndProjectSection
EndProject
Project("{2150E333-8FDC-42A3-9474-1A3956D46DE8}") = "Solution Items", "Solution Items", "{C796BF87-2844-41D5-9997-0AF91D1FAA77}"
	ProjectSection(SolutionItems) = preProject
		.gitignore = .gitignore
	EndProjectSection
EndProject
Global
	GlobalSection(SolutionConfigurationPlatforms) = preSolution
		Debug|Any CPU = Debug|Any CPU
		Release|Any CPU = Release|Any CPU
	EndGlobalSection
	GlobalSection(ProjectConfigurationPlatforms) = postSolution
		{782A7FF4-F65D-4EC6-BB91-9000A312DA91}.Debug|Any CPU.ActiveCfg = Debug|Any CPU
		{782A7FF4-F65D-4EC6-BB91-9000A312DA91}.Debug|Any CPU.Build.0 = Debug|Any CPU
		{782A7FF4-F65D-4EC6-BB91-9000A312DA91}.Release|Any CPU.ActiveCfg = Release|Any CPU
		{782A7FF4-F65D-4EC6-BB91-9000A312DA91}.Release|Any CPU.Build.0 = Release|Any CPU
		{5016C71E-7709-4BF3-9AA1-75B35E2421F7}.Debug|Any CPU.ActiveCfg = Debug|Any CPU
		{5016C71E-7709-4BF3-9AA1-75B35E2421F7}.Debug|Any CPU.Build.0 = Debug|Any CPU
		{5016C71E-7709-4BF3-9AA1-75B35E2421F7}.Release|Any CPU.ActiveCfg = Release|Any CPU
		{5016C71E-7709-4BF3-9AA1-75B35E2421F7}.Release|Any CPU.Build.0 = Release|Any CPU
		{8B4FE243-FFCA-482F-BAC5-92B709CE90BE}.Debug|Any CPU.ActiveCfg = Debug|Any CPU
		{8B4FE243-FFCA-482F-BAC5-92B709CE90BE}.Debug|Any CPU.Build.0 = Debug|Any CPU
		{8B4FE243-FFCA-482F-BAC5-92B709CE90BE}.Release|Any CPU.ActiveCfg = Release|Any CPU
		{8B4FE243-FFCA-482F-BAC5-92B709CE90BE}.Release|Any CPU.Build.0 = Release|Any CPU
		{6D7BC638-D043-4726-BC22-64A706E6A162}.Debug|Any CPU.ActiveCfg = Debug|Any CPU
		{6D7BC638-D043-4726-BC22-64A706E6A162}.Debug|Any CPU.Build.0 = Debug|Any CPU
		{6D7BC638-D043-4726-BC22-64A706E6A162}.Release|Any CPU.ActiveCfg = Release|Any CPU
		{6D7BC638-D043-4726-BC22-64A706E6A162}.Release|Any CPU.Build.0 = Release|Any CPU
		{B93ED438-71DB-4F4A-8B3A-CF3566C11038}.Debug|Any CPU.ActiveCfg = Debug|Any CPU
		{B93ED438-71DB-4F4A-8B3A-CF3566C11038}.Debug|Any CPU.Build.0 = Debug|Any CPU
		{B93ED438-71DB-4F4A-8B3A-CF3566C11038}.Release|Any CPU.ActiveCfg = Release|Any CPU
		{B93ED438-71DB-4F4A-8B3A-CF3566C11038}.Release|Any CPU.Build.0 = Release|Any CPU
	EndGlobalSection
	GlobalSection(SolutionProperties) = preSolution
		HideSolutionNode = FALSE
	EndGlobalSection
	GlobalSection(ExtensibilityGlobals) = postSolution
		SolutionGuid = {5D34DB4A-EF45-4537-8A9D-1484094E67DB}
	EndGlobalSection
	GlobalSection(NestedProjects) = preSolution
		{B93ED438-71DB-4F4A-8B3A-CF3566C11038} = {A28CAE0E-15B4-4215-B4FD-140CF69F7458}
	EndGlobalSection
EndGlobal
